{"SurveyEntry":{"SurveyID":"SV_3wxZ92qkc2dJInI","SurveyName":"blame_praise_self_pilot_4","SurveyDescription":null,"SurveyOwnerID":"UR_bjRyMBOOHwCSDyt","SurveyBrandID":"singuser5e50c625","DivisionID":null,"SurveyLanguage":"EN-GB","SurveyActiveResponseSet":"RS_06fgOpqnJeCcuSa","SurveyStatus":"Active","SurveyStartDate":"0000-00-00 00:00:00","SurveyExpirationDate":"0000-00-00 00:00:00","SurveyCreationDate":"2026-03-17 05:33:35","CreatorID":"UR_bjRyMBOOHwCSDyt","LastModified":"2026-03-17 09:56:25","LastAccessed":"0000-00-00 00:00:00","LastActivated":"2026-03-17 05:48:04","Deleted":null},"SurveyElements":[{"SurveyID":"SV_3wxZ92qkc2dJInI","Element":"BL","PrimaryAttribute":"Survey Blocks","SecondaryAttribute":null,"TertiaryAttribute":null,"Payload":{"1":{"Type":"Trash","Description":"Bin\/Unused Questions","ID":"BL_7Pq9kwmkUA7YL7o","BlockElements":[],"Options":{"BlockLocking":"false","RandomizeQuestions":"false","BlockVisibility":"Expanded"}},"2":{"Type":"Standard","SubType":"","Description":"ConsentForm - Mar 12, 2026","ID":"BL_5sFxmQDBJpjdOia","BlockElements":[{"Type":"Question","QuestionID":"QID2","SkipLogic":[{"SkipLogicID":1,"ChoiceLocator":"q:\/\/QID2\/SelectableChoice\/2","Condition":"Selected","SkipToDestination":"ENDOFSURVEY","Locator":"q:\/\/QID2\/SelectableChoice\/2","SkipToDescription":"<p>Dear participants<\/p>   ... <strong>I do not consent<\/strong>  <strong>Is Selected<\/strong>","Description":"Condition: <strong title=\"I do not consent\">I do not consent<\/strong> <strong>Is Selected<\/strong>. Skip to: <strong>End of Survey<\/strong>.","QuestionID":"QID2"}]},{"Type":"Page Break"},{"Type":"Question","QuestionID":"QID3"}],"Options":{"BlockLocking":"false","RandomizeQuestions":"false","BlockVisibility":"Expanded"}},"3":{"Type":"Standard","SubType":"","Description":"Intro - Mar 12, 2026","ID":"BL_7X8nxYmGaYaScqG","BlockElements":[{"Type":"Question","QuestionID":"QID4"}],"Options":{"BlockLocking":"false","RandomizeQuestions":"false","BlockVisibility":"Expanded"}},"15":{"Type":"Standard","SubType":"","Description":"B-racism.12 - Mar 12, 2026","ID":"BL_0fC7hpSmRdbfx9c","BlockElements":[{"Type":"Question","QuestionID":"QID38"}],"Options":{"BlockLocking":"false","RandomizeQuestions":"false","BlockVisibility":"Collapsed"}},"27":{"Type":"Standard","SubType":"","Description":"B-racism.24 - Mar 12, 2026","ID":"BL_e2t6e9KFXS6WO34","BlockElements":[{"Type":"Question","QuestionID":"QID74"}],"Options":{"BlockLocking":"false","RandomizeQuestions":"false","BlockVisibility":"Collapsed"}},"30":{"Type":"Standard","SubType":"","Description":"B42 - Mar 12, 2026","ID":"BL_3kt8Ani36y6r5xY","BlockElements":[{"Type":"Question","QuestionID":"QID79"}],"Options":{"BlockLocking":"false","RandomizeQuestions":"false","BlockVisibility":"Expanded"}},"31":{"Type":"Standard","SubType":"","Description":"BDemographics - Mar 12, 2026","ID":"BL_5d5xqJO6FoUESGi","BlockElements":[{"Type":"Question","QuestionID":"QID80"},{"Type":"Question","QuestionID":"QID81"},{"Type":"Question","QuestionID":"QID82"}],"Options":{"BlockLocking":"false","RandomizeQuestions":"false","BlockVisibility":"Collapsed"}},"37":{"Type":"Standard","SubType":"","Description":"racis12.2","ID":"BL_errVlg9ebIBMgu2","BlockElements":[{"Type":"Question","QuestionID":"QID88"}],"Options":{"BlockLocking":false,"RandomizeQuestions":"false","BlockVisibility":"Expanded"}},"38":{"Type":"Standard","SubType":"","Description":"racism.24.2","ID":"BL_9SI3OmXbvnin3YW","BlockElements":[{"Type":"Question","QuestionID":"QID90"}],"Options":{"BlockLocking":false,"RandomizeQuestions":"false","BlockVisibility":"Expanded"}}}},{"SurveyID":"SV_3wxZ92qkc2dJInI","Element":"FL","PrimaryAttribute":"Survey Flow","SecondaryAttribute":null,"TertiaryAttribute":null,"Payload":{"Type":"Root","FlowID":"FL_1","Flow":[{"Type":"Standard","ID":"BL_5sFxmQDBJpjdOia","FlowID":"FL_3","Autofill":[]},{"Type":"Standard","ID":"BL_7X8nxYmGaYaScqG","FlowID":"FL_4","Autofill":[]},{"Type":"BlockRandomizer","FlowID":"FL_38","SubSet":"1","Flow":[{"Type":"Standard","ID":"BL_0fC7hpSmRdbfx9c","FlowID":"FL_16","Autofill":[]},{"Type":"Standard","ID":"BL_errVlg9ebIBMgu2","FlowID":"FL_39","Autofill":[]},{"Type":"Standard","ID":"BL_e2t6e9KFXS6WO34","FlowID":"FL_28","Autofill":[]},{"Type":"Standard","ID":"BL_9SI3OmXbvnin3YW","FlowID":"FL_40","Autofill":[]}]},{"Type":"Standard","ID":"BL_3kt8Ani36y6r5xY","FlowID":"FL_31","Autofill":[]},{"Type":"Standard","ID":"BL_5d5xqJO6FoUESGi","FlowID":"FL_32","Autofill":[]}],"Properties":{"Count":40}}},{"SurveyID":"SV_3wxZ92qkc2dJInI","Element":"PL","PrimaryAttribute":"Preview Link","SecondaryAttribute":null,"TertiaryAttribute":null,"Payload":{"PreviewType":"Brand","PreviewID":"5fb319b1-07da-4630-ae07-7bda76e0f5dd"}},{"SurveyID":"SV_3wxZ92qkc2dJInI","Element":"PROJ","PrimaryAttribute":"CORE","SecondaryAttribute":null,"TertiaryAttribute":"1.1.0","Payload":{"ProjectCategory":"CORE","SchemaVersion":"1.1.0"}},{"SurveyID":"SV_3wxZ92qkc2dJInI","Element":"QC","PrimaryAttribute":"Survey Question Count","SecondaryAttribute":"90","TertiaryAttribute":null,"Payload":null},{"SurveyID":"SV_3wxZ92qkc2dJInI","Element":"QG","PrimaryAttribute":"QG_GR6fg1MPMlys94p","SecondaryAttribute":"Default Quota Group","TertiaryAttribute":null,"Payload":{"ID":"QG_GR6fg1MPMlys94p","Name":"Default Quota Group","Selected":true,"MultipleMatch":"PlaceInAll","Public":false,"Quotas":["QO_VmSaCJH2yTN0Rx9"]}},{"SurveyID":"SV_3wxZ92qkc2dJInI","Element":"QGO","PrimaryAttribute":"QGO_QuotaGroupOrder","SecondaryAttribute":null,"TertiaryAttribute":null,"Payload":["QG_GR6fg1MPMlys94p"]},{"SurveyID":"SV_3wxZ92qkc2dJInI","Element":"QO","PrimaryAttribute":"QO_VmSaCJH2yTN0Rx9","SecondaryAttribute":"New Quota","TertiaryAttribute":null,"Payload":{"ID":"QO_VmSaCJH2yTN0Rx9","Name":"New Quota","LogicType":"Simple","Occurrences":0,"QuotaAction":"EndCurrentSurvey","OverQuotaAction":null,"ActionInfo":{"0":{"0":{"ActionType":"EndCurrentSurvey","LogicType":"QuotaAction","Type":"Expression"},"Type":"If"},"Type":"BooleanExpression"},"QuotaRealm":"Survey","QuotaSchedule":null,"EndSurveyOptions":{"EndingType":"Advanced","ResponseFlag":"QuotaMet","SurveyTermination":"DisplayMessage","EOSMessageLibrary":"UR_bjRyMBOOHwCSDyt","EOSMessage":"MS_eRlrB3ERFhvXHKe","EmailThankYou":"false","ResponseSummary":"No","ConfirmResponseSummary":"","CountQuotas":"No","Screenout":"Yes","ScreenOutName":"Screen-out response","AnonymizeResponse":"Yes","IgnoreResponse":"Yes"},"Logic":{"0":{"0":{"LogicType":"Question","QuestionID":"QID77","QuestionIsInLoop":"no","ChoiceLocator":"q:\/\/QID77\/SelectableChoice\/2","Operator":"Selected","QuestionIDFromLocator":"QID77","LeftOperand":"q:\/\/QID77\/SelectableChoice\/2","Type":"Expression","Description":"<span class=\"ConjDesc\">If<\/span> <span class=\"QuestionDesc\">According to the story, where was Tom raised?<\/span> <span class=\"LeftOpDesc\">In a community of people who differed strongly in their moral beliefs.<\/span> <span class=\"OpDesc\">Is Selected<\/span> "},"Type":"If"},"1":{"0":{"LogicType":"Question","QuestionID":"QID78","QuestionIsInLoop":"no","ChoiceLocator":"q:\/\/QID78\/ChoiceTextEntryValue","Operator":"Contains","QuestionIDFromLocator":"QID78","LeftOperand":"q:\/\/QID78\/ChoiceTextEntryValue","RightOperand":"1maB0t","Type":"Expression","Description":"<span class=\"ConjDesc\">If<\/span> <span class=\"QuestionDesc\">Please describe what kind of person you believe Tom is. What is his \"true self\"? Please ignore al...<\/span> <span class=\"LeftOpDesc\">Text Response<\/span> <span class=\"OpDesc\">Contains<\/span> <span class=\"RightOpDesc\"> 1maB0t <\/span>"},"Type":"ElseIf"},"2":{"0":{"LogicType":"Question","QuestionID":"QID79","QuestionIsInLoop":"no","ChoiceLocator":"q:\/\/QID79\/ChoiceTextEntryValue","Operator":"DoesNotContain","QuestionIDFromLocator":"QID79","LeftOperand":"q:\/\/QID79\/ChoiceTextEntryValue","RightOperand":"42","Type":"Expression","Description":"<span class=\"ConjDesc\">If<\/span> <span class=\"QuestionDesc\">Please describe how often you reflect on moral and immoral actions in your daily life, and what this means to you.\n\nWe ask this question to ensure that the tasks are read carefully. If you are read...<\/span> <span class=\"LeftOpDesc\">Text Response<\/span> <span class=\"OpDesc\">Does Not Contain<\/span> <span class=\"RightOpDesc\"> 42 <\/span>"},"Type":"ElseIf"},"Type":"BooleanExpression"}}},{"SurveyID":"SV_3wxZ92qkc2dJInI","Element":"RS","PrimaryAttribute":"RS_06fgOpqnJeCcuSa","SecondaryAttribute":null,"TertiaryAttribute":null,"Payload":null},{"SurveyID":"SV_3wxZ92qkc2dJInI","Element":"SC","PrimaryAttribute":"Screen-Out","SecondaryAttribute":null,"TertiaryAttribute":null,"Payload":{"QO_VmSaCJH2yTN0Rx9":4,"ID":"Screen-Out"}},{"SurveyID":"SV_3wxZ92qkc2dJInI","Element":"SCO","PrimaryAttribute":"Scoring","SecondaryAttribute":null,"TertiaryAttribute":null,"Payload":{"ScoringCategories":[],"ScoringCategoryGroups":[],"ScoringSummaryCategory":null,"ScoringSummaryAfterQuestions":0,"ScoringSummaryAfterSurvey":0,"DefaultScoringCategory":null,"AutoScoringCategory":null}},{"SurveyID":"SV_3wxZ92qkc2dJInI","Element":"SO","PrimaryAttribute":"Survey Options","SecondaryAttribute":null,"TertiaryAttribute":null,"Payload":{"BackButton":"false","SaveAndContinue":"true","SurveyProtection":"PublicSurvey","BallotBoxStuffingPrevention":"false","NoIndex":"Yes","SecureResponseFiles":"true","SurveyExpiration":"None","SurveyTermination":"Redirect","Header":"","Footer":"","ProgressBarDisplay":"None","PartialData":"+1 week","ValidationMessage":null,"PreviousButton":"","NextButton":"","SurveyTitle":"Qualtrics Survey | Qualtrics Experience Management","SkinLibrary":"singuser5e50c625","SkinType":"templated","Skin":{"brandingId":null,"templateId":"*base","overrides":null},"NewScoring":1,"SurveyMetaDescription":"The most powerful, simple and trusted way to gather experience data. Start your journey to experience management and try a free account today.","EOSMessage":null,"ShowExportTags":"false","CollectGeoLocation":"false","PasswordProtection":"No","AnonymizeResponse":"No","RefererCheck":"No","BallotBoxStuffingPreventionBehavior":null,"BallotBoxStuffingPreventionMessage":null,"BallotBoxStuffingPreventionMessageLibrary":null,"BallotBoxStuffingPreventionURL":null,"RecaptchaV3":"false","ConfirmStart":false,"AutoConfirmStart":false,"RelevantID":"false","RelevantIDLockoutPeriod":"+30 days","UseCustomSurveyLinkCompletedMessage":null,"SurveyLinkCompletedMessage":null,"SurveyLinkCompletedMessageLibrary":null,"ResponseSummary":"No","EOSMessageLibrary":null,"EOSRedirectURL":"https:\/\/app.prolific.com\/submissions\/complete?cc=CZC8B67J","EmailThankYou":"false","ThankYouEmailMessageLibrary":null,"ThankYouEmailMessage":null,"ValidateMessage":"false","ValidationMessageLibrary":null,"InactiveSurvey":null,"PartialDeletion":null,"PartialDataCloseAfter":"LastActivity","InactiveMessageLibrary":null,"InactiveMessage":null,"AvailableLanguages":{"EN-GB":[]},"ProtectSelectionIds":true}},{"SurveyID":"SV_3wxZ92qkc2dJInI","Element":"SQ","PrimaryAttribute":"QID2","SecondaryAttribute":"Dear participants You are invited to participate in a research study exploring how individuals at...","TertiaryAttribute":null,"Payload":{"QuestionText":"<p>Dear participants<\/p>     <p>You are invited to participate in a research study exploring how individuals attribute moral responsibility. Find information concerning the study below.<\/p> <br> <br>     <h3>Purpose of the Study<\/h3>     <p>The purpose of this study is scientific. The researchers involved in this study are academic researchers associated with the University of Zurich and Oldenburg. The responsible researcher for this project is Dr. Pascale Willemsen. The survey will take approximately 2 minutes to complete.<\/p>     <br> <br>     <h3>Nature of the Stimuli (Trigger Warning)<\/h3>     <p>This research study examines moral judgments regarding social interactions. Please be advised that the survey <b> may contain stories depicting prejudice and mistreatment of marginalized groups.<\/b> These scenarios are designed to be realistic and <b> may be distressing or offensive to some participants.<\/b> If you believe that exposure to content involving racism, homophobia, or sexual harassment may cause you any distress, please do not begin the survey. Your participation is entirely voluntary, and you may withdraw at any time without penalty by closing your browser.<\/p>     <br> <br>          <h3>Voluntary Participation and Withdrawal<\/h3>     <p>Your participation is entirely voluntary. You have the right to withdraw from the study at any time, for any reason, without any penalty or loss of benefits. To withdraw, simply close your browser window before submitting the survey. <b>Note:<\/b> Once your data is submitted, it may be impossible to delete individual responses because the data is collected anonymously.<\/p>              <br> <br>     <h3>Data Protection and Privacy (GDPR)<\/h3>     <p>In accordance with the EU\u2019s General Data Protection Regulation (GDPR):<\/p>     <p><b>Anonymity:<\/b> No directly identifying information (such as your name or email) will be stored with your responses. We may collect basic demographic data (age, gender) and, if applicable, your Prolific for payment purposes.<\/p>     <p><b>Purpose of Processing:<\/b> Data is processed solely for scientific research purposes to understand moral psychology.<\/p>     <p><b>Legal Basis:<\/b> Data is processed based on your explicit consent (Art. 6(1)(a) GDPR).<\/p>     <p><b>Data Storage:<\/b> Your data will be stored on secure, encrypted servers at the University of Zurich. It will be kept for a period of 10 years as per open science and institutional guidelines.<\/p>     <p><b>Third Parties:<\/b> Anonymized data may be shared on \"Open Science\" platforms (like OSF and GitHub) to promote transparency in research.<\/p>     <p><b>Prolific:<\/b> You will be compensated financially for participating through Prolific Academics. In taking this survey, you agree to the terms and conditions of Prolific Academics.<\/p>          <br> <br>     <h3>Your Rights<\/h3>     <p>Under the GDPR, you have the right to request access to, rectification of, or erasure of your personal data, as well as the right to restrict processing. You also have the right to lodge a complaint with a supervisory authority. However, these rights may be limited if the data has been fully anonymized and can no longer be linked to you.<\/p>              <br> <br>     <h3>Consent Declaration<\/h3>     <p>By clicking \"I consent\" below, you confirm that:<\/p>     <p>You are at least 18 years of age.<\/p>     <p>You have read and understood the information above, including the <b>Trigger Warning<\/b>.<\/p>     <p>You understand that you will be exposed to descriptions of prejudice and mistreatment.<\/p>     <p>You voluntarily agree to participate and consent to the processing of your data as described.<\/p>         <br> <br>           <p>If you have any further questions, please contact us via Prolific Academics. Do not reach out to us via email to protect your anonymity.<\/p>          <p>Kindly,<\/p>     <p>Pascale Willemsen and colleagues<\/p>    <br> <br>          <h3>Would you like to participate in this study?<\/h3>","DataExportTag":"Consent","QuestionID":"QID2","QuestionType":"MC","QuestionDescription":"Dear participants You are invited to participate in a research study exploring how individuals at...","Choices":{"1":{"Display":"I consent"},"2":{"Display":"I do not consent"}},"ChoiceOrder":["1","2"],"Validation":{"Settings":{"ForceResponse":"ON","ForceResponseType":"ON","Type":"None"}},"Language":[],"Selector":"SAVR","SubSelector":"TX","DataVisibility":{"Private":false,"Hidden":false},"Configuration":{"QuestionDescriptionOption":"UseText"},"NextChoiceId":3,"NextAnswerId":1}},{"SurveyID":"SV_3wxZ92qkc2dJInI","Element":"SQ","PrimaryAttribute":"QID3","SecondaryAttribute":"Please enter your Prolific ID:","TertiaryAttribute":null,"Payload":{"QuestionText":"Please enter your Prolific ID:\n\n\n","DataExportTag":"ProlificID","QuestionID":"QID3","QuestionType":"TE","Selector":"SL","QuestionDescription":"Please enter your Prolific ID:","Validation":{"Settings":{"ForceResponse":"ON","ForceResponseType":"ON","Type":"None"}},"Language":[],"SearchSource":{"AllowFreeResponse":"false"},"DataVisibility":{"Private":false,"Hidden":false},"Configuration":{"QuestionDescriptionOption":"UseText"},"NextChoiceId":1,"NextAnswerId":1}},{"SurveyID":"SV_3wxZ92qkc2dJInI","Element":"SQ","PrimaryAttribute":"QID38","SecondaryAttribute":"Tom is a white man who was raised in a community of people who all shared the same moral beliefs....","TertiaryAttribute":null,"Payload":{"QuestionText":"Tom is a white man who was raised in a community of people who all shared the same moral beliefs. Growing up, Tom's parents taught him to believe that all non-white people were inferior and that he had a moral right to mistreat them. This view was held by all the people in his community, too.&nbsp;<br>Later in life, Tom reflected on the values he had been taught in his upbringing and repeatedly asked himself, \"What kind of person do I want to be?\" As a result of his reflections, Tom became a proud racist and believed that all non-white people were inferior and that he had a moral right to mistreat them.<br>At the age of 35, Tom moved to another town. Walking outside his home, he sees a black man who has tripped and fallen on his knees. While passing the man, Tom turns slightly and kicks him. Having made sure that the man has fallen on the ground, he continues walking.\n<br><br>\n<b>On the scale below, ranging from \u20136 meaning \"extremely blameworthy\" to 6 meaning \"extremely praiseworthy\", please indicate how morally blameworthy or praiseworthy Tom is for kicking the man.<\/b>","DataExportTag":"racism.12-pAction","QuestionID":"QID38","QuestionType":"MC","Selector":"SAHR","SubSelector":"TX","QuestionDescription":"Tom is a white man who was raised in a community of people who all shared the same moral beliefs....","Choices":{"1":{"Display":"&minus;6 = extremely blameworthy"},"2":{"Display":"&minus;5"},"3":{"Display":"&minus;4"},"4":{"Display":"&minus;3"},"5":{"Display":"&minus;2"},"6":{"Display":"&minus;1"},"7":{"Display":"0 = neither blame- nor praiseworthy"},"8":{"Display":"1"},"9":{"Display":"2"},"10":{"Display":"3"},"11":{"Display":"4"},"12":{"Display":"5"},"13":{"Display":"6 = extremely praiseworthy"}},"ChoiceOrder":["1","2","3","4","5","6","7","8","9","10","11","12","13"],"Validation":{"Settings":{"ForceResponse":"ON","ForceResponseType":"ON","Type":"None"}},"Language":[],"DataVisibility":{"Private":false,"Hidden":false},"Configuration":{"QuestionDescriptionOption":"UseText","LabelPosition":"BELOW"},"NextChoiceId":14,"NextAnswerId":1}},{"SurveyID":"SV_3wxZ92qkc2dJInI","Element":"SQ","PrimaryAttribute":"QID4","SecondaryAttribute":"Instructions Thank you for your consent. Please read the following instructions carefully to ensu...","TertiaryAttribute":null,"Payload":{"QuestionText":"<h3>Instructions<\/h3> <p>Thank you for your consent. Please read the following instructions carefully to ensure the quality of this research.<\/p> <br><br> <h3>The Task<\/h3> <p>You will be presented with <b>one short story. It is crucial that you read the entire text carefully.<\/b> After reading, you will be asked to answer a series of questions based on your impression of the situation. There is no right or wrong answer, we are only interested in your personal opinion.<\/p> <br><br> <h3>Types of Questions<\/h3> <p>For several questions, you will express your judgment <b>using a scale<\/b> (e.g., from -6 to +6). For some questions, you will be asked to write a few words or a short sentence to <b>explain your reasoning<\/b> or to describe a detail from the story.<\/p> <br><br> <h3>Important Note on Navigation<\/h3> <p>The same story will be shown on every page. You will be allowed to read the story <b> as often as you like.<\/b> However, once you have answered a question and proceeded to the next page, <b>you will not be able to go back<\/b> to change your previous response.<\/p> <br><br> <h3>Click the button below when you are ready to view the story.<\/h3>\n\n\n","DataExportTag":"Intro","QuestionID":"QID4","QuestionType":"DB","Selector":"TB","QuestionDescription":"Instructions Thank you for your consent. Please read the following instructions carefully to ensu...","Validation":{"Settings":{"Type":"None"}},"Language":[]}},{"SurveyID":"SV_3wxZ92qkc2dJInI","Element":"SQ","PrimaryAttribute":"QID74","SecondaryAttribute":"Tom is a white man who was raised in a community of people who all shared the same moral beliefs....","TertiaryAttribute":null,"Payload":{"QuestionText":"Tom is a white man who was raised in a community of people who all shared the same moral beliefs. Growing up, Tom's parents taught him to believe that all people were equal and had a right to be treated with dignity and respect.&nbsp;This view was held by all the people in his community, too. <br>Later in life, Tom reflected on the values he had been taught in his upbringing and repeatedly asked himself, \"What kind of person do I want to be?\" As a result of his reflections, Tom became a proud racist and believed that all non-white people were inferior and that he had a moral right to mistreat them.<br>At the age of 35, Tom moved to another town. Walking outside his home, he sees a black man who has tripped and fallen on his knees. While passing the man, Tom turns slightly and kicks him. Having made sure that the man has fallen on the ground, he continues walking.\n<br><br>\n<b>On the scale below, ranging from \u20136 meaning \"extremely blameworthy\" to 6 meaning \"extremely praiseworthy\", please indicate how morally blameworthy or praiseworthy Tom is for kicking the man.<\/b>","DataExportTag":"racism.24-pAction","QuestionID":"QID74","QuestionType":"MC","Selector":"SAHR","SubSelector":"TX","QuestionDescription":"Tom is a white man who was raised in a community of people who all shared the same moral beliefs....","Choices":{"1":{"Display":"&minus;6 = extremely blameworthy"},"2":{"Display":"&minus;5"},"3":{"Display":"&minus;4"},"4":{"Display":"&minus;3"},"5":{"Display":"&minus;2"},"6":{"Display":"&minus;1"},"7":{"Display":"0 = neither blame- nor praiseworthy"},"8":{"Display":"1"},"9":{"Display":"2"},"10":{"Display":"3"},"11":{"Display":"4"},"12":{"Display":"5"},"13":{"Display":"6 = extremely praiseworthy"}},"ChoiceOrder":["1","2","3","4","5","6","7","8","9","10","11","12","13"],"Validation":{"Settings":{"ForceResponse":"ON","ForceResponseType":"ON","Type":"None"}},"Language":[],"DataVisibility":{"Private":false,"Hidden":false},"Configuration":{"QuestionDescriptionOption":"UseText","LabelPosition":"BELOW"},"NextChoiceId":14,"NextAnswerId":1}},{"SurveyID":"SV_3wxZ92qkc2dJInI","Element":"SQ","PrimaryAttribute":"QID79","SecondaryAttribute":"Please describe how often you reflect on moral and immoral actions in your daily life, and what t...","TertiaryAttribute":null,"Payload":{"QuestionText":"Please describe how often you reflect on moral and immoral actions in your daily life, and what this means to you.\n<br>\nWe ask this question to ensure that the tasks are read carefully. If you are reading this, please enter the number 42 in the field below instead of an answer to the question above and below.\n<br>\nHow often do you reflect on moral and immoral actions in your daily life, and what does this mean to you?\n\n\n","DataExportTag":"ultQ","QuestionID":"QID79","QuestionType":"TE","Selector":"SL","QuestionDescription":"Please describe how often you reflect on moral and immoral actions in your daily life, and what t...","Validation":{"Settings":{"Type":"None"}},"Language":[],"SearchSource":{"AllowFreeResponse":"false"}}},{"SurveyID":"SV_3wxZ92qkc2dJInI","Element":"SQ","PrimaryAttribute":"QID80","SecondaryAttribute":"Please tell us with which gender you identify.","TertiaryAttribute":null,"Payload":{"QuestionText":"Please tell us with which gender you identify.\n","DataExportTag":"Gender","QuestionID":"QID80","QuestionType":"MC","QuestionDescription":"Please tell us with which gender you identify.","Choices":{"1":{"Display":"Female"},"2":{"Display":"Male"},"3":{"Display":"Non-binary"},"4":{"Display":"Prefer not to say"}},"ChoiceOrder":["1","2","3","4"],"Validation":{"Settings":{"ForceResponse":"RequestResponse","ForceResponseType":"RequestResponse","Type":"None"}},"Language":[],"Selector":"SAVR","SubSelector":"TX","DataVisibility":{"Private":false,"Hidden":false},"Configuration":{"QuestionDescriptionOption":"UseText"},"NextChoiceId":5,"NextAnswerId":1}},{"SurveyID":"SV_3wxZ92qkc2dJInI","Element":"SQ","PrimaryAttribute":"QID81","SecondaryAttribute":"How old are you?","TertiaryAttribute":null,"Payload":{"QuestionText":"How old are you?\n\n\n","DataExportTag":"Age","QuestionID":"QID81","QuestionType":"TE","Selector":"SL","QuestionDescription":"How old are you?","Validation":{"Settings":{"ForceResponse":"RequestResponse","ForceResponseType":"RequestResponse","Type":"None"}},"Language":[],"SearchSource":{"AllowFreeResponse":"false"},"DataVisibility":{"Private":false,"Hidden":false},"Configuration":{"QuestionDescriptionOption":"UseText"},"NextChoiceId":1,"NextAnswerId":1}},{"SurveyID":"SV_3wxZ92qkc2dJInI","Element":"SQ","PrimaryAttribute":"QID82","SecondaryAttribute":"What is the highest level of education you have completed?","TertiaryAttribute":null,"Payload":{"QuestionText":"What is the highest level of education you have completed?\n","DataExportTag":"Education","QuestionID":"QID82","QuestionType":"MC","Selector":"SAVR","SubSelector":"TX","QuestionDescription":"What is the highest level of education you have completed?","Choices":{"1":{"Display":"Less than high school"},"2":{"Display":"High school diploma or equivalent"},"3":{"Display":"Associate degree (e.g., AA or AS)"},"4":{"Display":"Bachelor's degree (e.g., BA or BSC)"},"5":{"Display":"Master's degree (e.g., MA or MSc)"},"6":{"Display":"Professional degree (e.g., JD or MD)"},"7":{"Display":"Doctorate (e.g., PhD or EdD)"}},"ChoiceOrder":["1","2","3","4","5","6","7"],"Validation":{"Settings":{"ForceResponse":"RequestResponse","ForceResponseType":"RequestResponse","Type":"None"}},"Language":[],"DataVisibility":{"Private":false,"Hidden":false},"Configuration":{"QuestionDescriptionOption":"UseText"},"NextChoiceId":8,"NextAnswerId":1}},{"SurveyID":"SV_3wxZ92qkc2dJInI","Element":"SQ","PrimaryAttribute":"QID88","SecondaryAttribute":"Tom is a white man who was raised in a community of people who all shared similar moral beliefs....","TertiaryAttribute":null,"Payload":{"QuestionText":"Tom is a white man who was raised in a community of people who all shared similar moral beliefs. Growing up, Tom's parents taught him to believe that all non-white people were inferior and that he had a moral right to mistreat them. <br>Later in life, Tom reflected on the values he had been taught in his upbringing and repeatedly asked himself, \"What kind of person do I want to be?\" As a result of his reflections, Tom became a proud racist and believed that all non-white people were inferior and that he had a moral right to mistreat them.<br>At the age of 35, Tom moved to another town. Walking outside his home, he sees a black man who has tripped and fallen on his knees. While passing the man, Tom turns slightly and kicks him. Having made sure that the man has fallen on the ground, he continues walking.\n<br><br>\n<b>On the scale below, ranging from \u20136 meaning \"extremely blameworthy\" to 6 meaning \"extremely praiseworthy\", please indicate how morally blameworthy or praiseworthy Tom is for kicking the man.<\/b>","QuestionType":"MC","Selector":"SAHR","SubSelector":"TX","QuestionDescription":"Tom is a white man who was raised in a community of people who all shared similar moral beliefs....","Choices":{"1":{"Display":"&minus;6 = extremely blameworthy"},"2":{"Display":"&minus;5"},"3":{"Display":"&minus;4"},"4":{"Display":"&minus;3"},"5":{"Display":"&minus;2"},"6":{"Display":"&minus;1"},"7":{"Display":"0 = neither blame- nor praiseworthy"},"8":{"Display":"1"},"9":{"Display":"2"},"10":{"Display":"3"},"11":{"Display":"4"},"12":{"Display":"5"},"13":{"Display":"6 = extremely praiseworthy"}},"ChoiceOrder":["1","2","3","4","5","6","7","8","9","10","11","12","13"],"Validation":{"Settings":{"ForceResponse":"ON","ForceResponseType":"ON","Type":"None"}},"Language":[],"DataVisibility":{"Private":false,"Hidden":false},"Configuration":{"QuestionDescriptionOption":"UseText","LabelPosition":"BELOW"},"NextChoiceId":14,"NextAnswerId":1,"QuestionText_Unsafe":"Tom is a white man who was raised in a community of people who all shared similar moral beliefs. Growing up, Tom's parents taught him to believe that all non-white people were inferior and that he had a moral right to mistreat them. This view was held by all the people in his community, too.&nbsp;<br>Later in life, Tom reflected on the values he had been taught in his upbringing and repeatedly asked himself, \"What kind of person do I want to be?\" As a result of his reflections, Tom became a proud racist and believed that all non-white people were inferior and that he had a moral right to mistreat them.<br>At the age of 35, Tom moved to another town. Walking outside his home, he sees a black man who has tripped and fallen on his knees. While passing the man, Tom turns slightly and kicks him. Having made sure that the man has fallen on the ground, he continues walking.\n<br><br>\n<b>On the scale below, ranging from \u20136 meaning \"extremely blameworthy\" to 6 meaning \"extremely praiseworthy\", please indicate how morally blameworthy or praiseworthy Tom is for kicking the man.<\/b>","DataExportTag":"12.2","QuestionID":"QID88"}},{"SurveyID":"SV_3wxZ92qkc2dJInI","Element":"SQ","PrimaryAttribute":"QID90","SecondaryAttribute":"Tom is a white man who was raised in a community of people who all shared similar moral beliefs....","TertiaryAttribute":null,"Payload":{"QuestionText":"Tom is a white man who was raised in a community of people who all shared similar moral beliefs. Growing up, Tom's parents taught him to believe that all people were equal and had a right to be treated with dignity and respect.&nbsp;<br>Later in life, Tom reflected on the values he had been taught in his upbringing and repeatedly asked himself, \"What kind of person do I want to be?\" As a result of his reflections, Tom became a proud racist and believed that all non-white people were inferior and that he had a moral right to mistreat them.<br>At the age of 35, Tom moved to another town. Walking outside his home, he sees a black man who has tripped and fallen on his knees. While passing the man, Tom turns slightly and kicks him. Having made sure that the man has fallen on the ground, he continues walking.\n<br><br>\n<b>On the scale below, ranging from \u20136 meaning \"extremely blameworthy\" to 6 meaning \"extremely praiseworthy\", please indicate how morally blameworthy or praiseworthy Tom is for kicking the man.<\/b>","QuestionType":"MC","Selector":"SAHR","SubSelector":"TX","QuestionDescription":"Tom is a white man who was raised in a community of people who all shared similar moral beliefs....","Choices":{"1":{"Display":"&minus;6 = extremely blameworthy"},"2":{"Display":"&minus;5"},"3":{"Display":"&minus;4"},"4":{"Display":"&minus;3"},"5":{"Display":"&minus;2"},"6":{"Display":"&minus;1"},"7":{"Display":"0 = neither blame- nor praiseworthy"},"8":{"Display":"1"},"9":{"Display":"2"},"10":{"Display":"3"},"11":{"Display":"4"},"12":{"Display":"5"},"13":{"Display":"6 = extremely praiseworthy"}},"ChoiceOrder":["1","2","3","4","5","6","7","8","9","10","11","12","13"],"Validation":{"Settings":{"ForceResponse":"ON","ForceResponseType":"ON","Type":"None"}},"Language":[],"DataVisibility":{"Private":false,"Hidden":false},"Configuration":{"QuestionDescriptionOption":"UseText","LabelPosition":"BELOW"},"NextChoiceId":14,"NextAnswerId":1,"QuestionText_Unsafe":"Tom is a white man who was raised in a community of people who all shared similar moral beliefs. Growing up, Tom's parents taught him to believe that all people were equal and had a right to be treated with dignity and respect.&nbsp;This view was held by all the people in his community, too. <br>Later in life, Tom reflected on the values he had been taught in his upbringing and repeatedly asked himself, \"What kind of person do I want to be?\" As a result of his reflections, Tom became a proud racist and believed that all non-white people were inferior and that he had a moral right to mistreat them.<br>At the age of 35, Tom moved to another town. Walking outside his home, he sees a black man who has tripped and fallen on his knees. While passing the man, Tom turns slightly and kicks him. Having made sure that the man has fallen on the ground, he continues walking.\n<br><br>\n<b>On the scale below, ranging from \u20136 meaning \"extremely blameworthy\" to 6 meaning \"extremely praiseworthy\", please indicate how morally blameworthy or praiseworthy Tom is for kicking the man.<\/b>","DataExportTag":"24.2","QuestionID":"QID90"}},{"SurveyID":"SV_3wxZ92qkc2dJInI","Element":"STAT","PrimaryAttribute":"Survey Statistics","SecondaryAttribute":null,"TertiaryAttribute":null,"Payload":{"MobileCompatible":false,"ID":"Survey Statistics"}}]}